{
  "nodes": {
    "cnc-ddraw": {
      "flake": false,
      "locked": {
        "lastModified": 1751539807,
        "narHash": "sha256-2D01XQwv0dGAa+OepG2qpPKmYTTHami8a0as6s509ng=",
        "owner": "FunkyFr3sh",
        "repo": "cnc-ddraw",
        "rev": "a0b81b11553e1af358396f15ed7f30b9674c390e",
        "type": "github"
      },
      "original": {
        "owner": "FunkyFr3sh",
        "repo": "cnc-ddraw",
        "type": "github"
      }
    },
    "nixpkgs": {
      "locked": {
        "lastModified": 1779560665,
        "narHash": "sha256-tpyBcxPpcQb8ukyNF7DoCwfSY3VPsxHoYwj00Cayv5o=",
        "owner": "NixOS",
        "repo": "nixpkgs",
        "rev": "64c08a7ca051951c8eae34e3e3cb1e202fe36786",
        "type": "github"
      },
      "original": {
        "owner": "NixOS",
        "ref": "nixos-unstable",
        "repo": "nixpkgs",
        "type": "github"
      }
    },
    "root": {
      "inputs": {
        "cnc-ddraw": "cnc-ddraw",
        "nixpkgs": "nixpkgs"
      }
    }
  },
  "root": "root",
  "version": 7
}
